
Microsoft Visual Studio Solution File, Format Version 12.00
# Visual Studio Version 17
VisualStudioVersion = 17.0.31903.59
MinimumVisualStudioVersion = 10.0.40219.1
Project("{FAE04EC0-301F-11D3-BF4B-00C04F79EFBC}") = "GCook", "GCook\GCook.csproj", "{DE4A1620-8F23-4F5A-A1FD-7F4189EFFE70}"
EndProject
Global
	GlobalSection(SolutionConfigurationPlatforms) = preSolution
		Debug|Any CPU = Debug|Any CPU
		Release|Any CPU = Release|Any CPU
	EndGlobalSection
	GlobalSection(SolutionProperties) = preSolution
		HideSolutionNode = FALSE
	EndGlobalSection
	GlobalSection(ProjectConfigurationPlatforms) = postSolution
		{DE4A1620-8F23-4F5A-A1FD-7F4189EFFE70}.Debug|Any CPU.ActiveCfg = Debug|Any CPU
		{DE4A1620-8F23-4F5A-A1FD-7F4189EFFE70}.Debug|Any CPU.Build.0 = Debug|Any CPU
		{DE4A1620-8F23-4F5A-A1FD-7F4189EFFE70}.Release|Any CPU.ActiveCfg = Release|Any CPU
		{DE4A1620-8F23-4F5A-A1FD-7F4189EFFE70}.Release|Any CPU.Build.0 = Release|Any CPU
	EndGlobalSection
EndGlobal
